
Microsoft Visual Studio Solution File, Format Version 12.00
# Visual Studio 15
VisualStudioVersion = 15.0.28307.271
MinimumVisualStudioVersion = 10.0.40219.1
Project("{F184B08F-C81C-45F6-A57F-5ABD9991F28F}") = "AppBar3000", "AppBar3000\AppBar3000.vbproj", "{21038361-CFB1-4616-AE80-664E214A0240}"
EndProject
Global
	GlobalSection(SolutionConfigurationPlatforms) = preSolution
		Debug|Any CPU = Debug|Any CPU
		Release|Any CPU = Release|Any CPU
	EndGlobalSection
	GlobalSection(ProjectConfigurationPlatforms) = postSolution
		{21038361-CFB1-4616-AE80-664E214A0240}.Debug|Any CPU.ActiveCfg = Debug|Any CPU
		{21038361-CFB1-4616-AE80-664E214A0240}.Debug|Any CPU.Build.0 = Debug|Any CPU
		{21038361-CFB1-4616-AE80-664E214A0240}.Release|Any CPU.ActiveCfg = Release|Any CPU
		{21038361-CFB1-4616-AE80-664E214A0240}.Release|Any CPU.Build.0 = Release|Any CPU
	EndGlobalSection
	GlobalSection(SolutionProperties) = preSolution
		HideSolutionNode = FALSE
	EndGlobalSection
	GlobalSection(ExtensibilityGlobals) = postSolution
		SolutionGuid = {B7A85E7E-39EC-4C4B-AD44-464D18A248B3}
	EndGlobalSection
EndGlobal
